
Microsoft Visual Studio Solution File, Format Version 12.00
# Visual Studio Version 16
VisualStudioVersion = 16.0.32802.440
MinimumVisualStudioVersion = 10.0.40219.1
Project("{8BC9CEB8-8B4A-11D0-8D11-00A0C91BC942}") = "Caesar Cipher - Merkle", "Caesar Cipher - Merkle\Caesar Cipher - Merkle.vcxproj", "{58B143B1-BC14-44F2-BB21-AB61EB91B165}"
EndProject
Global
	GlobalSection(SolutionConfigurationPlatforms) = preSolution
		Debug|x64 = Debug|x64
		Debug|x86 = Debug|x86
		Release|x64 = Release|x64
		Release|x86 = Release|x86
	EndGlobalSection
	GlobalSection(ProjectConfigurationPlatforms) = postSolution
		{58B143B1-BC14-44F2-BB21-AB61EB91B165}.Debug|x64.ActiveCfg = Debug|x64
		{58B143B1-BC14-44F2-BB21-AB61EB91B165}.Debug|x64.Build.0 = Debug|x64
		{58B143B1-BC14-44F2-BB21-AB61EB91B165}.Debug|x86.ActiveCfg = Debug|Win32
		{58B143B1-BC14-44F2-BB21-AB61EB91B165}.Debug|x86.Build.0 = Debug|Win32
		{58B143B1-BC14-44F2-BB21-AB61EB91B165}.Release|x64.ActiveCfg = Release|x64
		{58B143B1-BC14-44F2-BB21-AB61EB91B165}.Release|x64.Build.0 = Release|x64
		{58B143B1-BC14-44F2-BB21-AB61EB91B165}.Release|x86.ActiveCfg = Release|Win32
		{58B143B1-BC14-44F2-BB21-AB61EB91B165}.Release|x86.Build.0 = Release|Win32
	EndGlobalSection
	GlobalSection(SolutionProperties) = preSolution
		HideSolutionNode = FALSE
	EndGlobalSection
	GlobalSection(ExtensibilityGlobals) = postSolution
		SolutionGuid = {3A6206F5-EE2A-4CA0-8281-B70146F96B89}
	EndGlobalSection
EndGlobal
